
Microsoft Visual Studio Solution File, Format Version 12.00
# Visual Studio Version 17
VisualStudioVersion = 17.11.35303.130
MinimumVisualStudioVersion = 10.0.40219.1
Project("{FAE04EC0-301F-11D3-BF4B-00C04F79EFBC}") = "BookWonderingReBuild", "BookWonderingReBuild\BookWonderingReBuild.csproj", "{5BCE00BC-B92A-469A-A191-4866E243CCE4}"
EndProject
Project("{FAE04EC0-301F-11D3-BF4B-00C04F79EFBC}") = "BookWonderingReBuild.Model", "BookWonderingReBuild.Model\BookWonderingReBuild.Model.csproj", "{8A0428B0-28E4-4881-9F42-B23EAD5A5BEC}"
EndProject
Project("{FAE04EC0-301F-11D3-BF4B-00C04F79EFBC}") = "BookWonderingReBuild.Service", "BookWonderingReBuild.Service\BookWonderingReBuild.Service.csproj", "{D790D3EA-FA2C-4F33-BB58-8EFC859936DF}"
EndProject
Project("{FAE04EC0-301F-11D3-BF4B-00C04F79EFBC}") = "BookWonderingReBuild.Common", "BookWonderingReBuild.Common\BookWonderingReBuild.Common.csproj", "{F68BA4F8-624C-419E-AF21-119824B9976F}"
EndProject
Global
	GlobalSection(SolutionConfigurationPlatforms) = preSolution
		Debug|Any CPU = Debug|Any CPU
		Release|Any CPU = Release|Any CPU
	EndGlobalSection
	GlobalSection(ProjectConfigurationPlatforms) = postSolution
		{5BCE00BC-B92A-469A-A191-4866E243CCE4}.Debug|Any CPU.ActiveCfg = Debug|Any CPU
		{5BCE00BC-B92A-469A-A191-4866E243CCE4}.Debug|Any CPU.Build.0 = Debug|Any CPU
		{5BCE00BC-B92A-469A-A191-4866E243CCE4}.Release|Any CPU.ActiveCfg = Release|Any CPU
		{5BCE00BC-B92A-469A-A191-4866E243CCE4}.Release|Any CPU.Build.0 = Release|Any CPU
		{8A0428B0-28E4-4881-9F42-B23EAD5A5BEC}.Debug|Any CPU.ActiveCfg = Debug|Any CPU
		{8A0428B0-28E4-4881-9F42-B23EAD5A5BEC}.Debug|Any CPU.Build.0 = Debug|Any CPU
		{8A0428B0-28E4-4881-9F42-B23EAD5A5BEC}.Release|Any CPU.ActiveCfg = Release|Any CPU
		{8A0428B0-28E4-4881-9F42-B23EAD5A5BEC}.Release|Any CPU.Build.0 = Release|Any CPU
		{D790D3EA-FA2C-4F33-BB58-8EFC859936DF}.Debug|Any CPU.ActiveCfg = Debug|Any CPU
		{D790D3EA-FA2C-4F33-BB58-8EFC859936DF}.Debug|Any CPU.Build.0 = Debug|Any CPU
		{D790D3EA-FA2C-4F33-BB58-8EFC859936DF}.Release|Any CPU.ActiveCfg = Release|Any CPU
		{D790D3EA-FA2C-4F33-BB58-8EFC859936DF}.Release|Any CPU.Build.0 = Release|Any CPU
		{F68BA4F8-624C-419E-AF21-119824B9976F}.Debug|Any CPU.ActiveCfg = Debug|Any CPU
		{F68BA4F8-624C-419E-AF21-119824B9976F}.Debug|Any CPU.Build.0 = Debug|Any CPU
		{F68BA4F8-624C-419E-AF21-119824B9976F}.Release|Any CPU.ActiveCfg = Release|Any CPU
		{F68BA4F8-624C-419E-AF21-119824B9976F}.Release|Any CPU.Build.0 = Release|Any CPU
	EndGlobalSection
	GlobalSection(SolutionProperties) = preSolution
		HideSolutionNode = FALSE
	EndGlobalSection
	GlobalSection(ExtensibilityGlobals) = postSolution
		SolutionGuid = {0CAB1F7E-BF7D-404E-92CA-A86C5EDD3F2B}
	EndGlobalSection
EndGlobal
