
Microsoft Visual Studio Solution File, Format Version 12.00
# Visual Studio Version 17
VisualStudioVersion = 17.11.35303.130
MinimumVisualStudioVersion = 10.0.40219.1
Project("{9A19103F-16F7-4668-BE54-9A1E7A4F7556}") = "Arcas.Server", "Arcas.Server.csproj", "{0099701A-0A19-480F-A366-938F6FB1C84D}"
EndProject
Global
	GlobalSection(SolutionConfigurationPlatforms) = preSolution
		Debug|Any CPU = Debug|Any CPU
		Release|Any CPU = Release|Any CPU
	EndGlobalSection
	GlobalSection(ProjectConfigurationPlatforms) = postSolution
		{0099701A-0A19-480F-A366-938F6FB1C84D}.Debug|Any CPU.ActiveCfg = Debug|Any CPU
		{0099701A-0A19-480F-A366-938F6FB1C84D}.Debug|Any CPU.Build.0 = Debug|Any CPU
		{0099701A-0A19-480F-A366-938F6FB1C84D}.Release|Any CPU.ActiveCfg = Release|Any CPU
		{0099701A-0A19-480F-A366-938F6FB1C84D}.Release|Any CPU.Build.0 = Release|Any CPU
	EndGlobalSection
	GlobalSection(SolutionProperties) = preSolution
		HideSolutionNode = FALSE
	EndGlobalSection
	GlobalSection(ExtensibilityGlobals) = postSolution
		SolutionGuid = {18F5C44F-9272-4925-9DB0-C559E2D53102}
	EndGlobalSection
EndGlobal
