
Microsoft Visual Studio Solution File, Format Version 12.00
# Visual Studio Version 17
VisualStudioVersion = 17.11.35303.130
MinimumVisualStudioVersion = 10.0.40219.1
Project("{9A19103F-16F7-4668-BE54-9A1E7A4F7556}") = "BookWondering", "BookWondering\BookWondering.csproj", "{18D868ED-7E87-4E67-9343-22E28636B9B4}"
EndProject
Project("{9A19103F-16F7-4668-BE54-9A1E7A4F7556}") = "BookWondering.Service", "BookWondering.Service\BookWondering.Service.csproj", "{56D65153-9F9B-466D-9AE4-8AE79758091F}"
EndProject
Project("{9A19103F-16F7-4668-BE54-9A1E7A4F7556}") = "BookWondering.common", "BookWondering.common\BookWondering.common.csproj", "{D49A689E-F386-41D0-A770-A6F8C23F8DE6}"
EndProject
Project("{9A19103F-16F7-4668-BE54-9A1E7A4F7556}") = "BookWondering.Model", "BookWondering.Model\BookWondering.Model.csproj", "{0E57B2C0-98C7-48A9-8D6A-540874864DE3}"
EndProject
Global
	GlobalSection(SolutionConfigurationPlatforms) = preSolution
		Debug|Any CPU = Debug|Any CPU
		Release|Any CPU = Release|Any CPU
	EndGlobalSection
	GlobalSection(ProjectConfigurationPlatforms) = postSolution
		{18D868ED-7E87-4E67-9343-22E28636B9B4}.Debug|Any CPU.ActiveCfg = Debug|Any CPU
		{18D868ED-7E87-4E67-9343-22E28636B9B4}.Debug|Any CPU.Build.0 = Debug|Any CPU
		{18D868ED-7E87-4E67-9343-22E28636B9B4}.Release|Any CPU.ActiveCfg = Release|Any CPU
		{18D868ED-7E87-4E67-9343-22E28636B9B4}.Release|Any CPU.Build.0 = Release|Any CPU
		{56D65153-9F9B-466D-9AE4-8AE79758091F}.Debug|Any CPU.ActiveCfg = Debug|Any CPU
		{56D65153-9F9B-466D-9AE4-8AE79758091F}.Debug|Any CPU.Build.0 = Debug|Any CPU
		{56D65153-9F9B-466D-9AE4-8AE79758091F}.Release|Any CPU.ActiveCfg = Release|Any CPU
		{56D65153-9F9B-466D-9AE4-8AE79758091F}.Release|Any CPU.Build.0 = Release|Any CPU
		{D49A689E-F386-41D0-A770-A6F8C23F8DE6}.Debug|Any CPU.ActiveCfg = Debug|Any CPU
		{D49A689E-F386-41D0-A770-A6F8C23F8DE6}.Debug|Any CPU.Build.0 = Debug|Any CPU
		{D49A689E-F386-41D0-A770-A6F8C23F8DE6}.Release|Any CPU.ActiveCfg = Release|Any CPU
		{D49A689E-F386-41D0-A770-A6F8C23F8DE6}.Release|Any CPU.Build.0 = Release|Any CPU
		{0E57B2C0-98C7-48A9-8D6A-540874864DE3}.Debug|Any CPU.ActiveCfg = Debug|Any CPU
		{0E57B2C0-98C7-48A9-8D6A-540874864DE3}.Debug|Any CPU.Build.0 = Debug|Any CPU
		{0E57B2C0-98C7-48A9-8D6A-540874864DE3}.Release|Any CPU.ActiveCfg = Release|Any CPU
		{0E57B2C0-98C7-48A9-8D6A-540874864DE3}.Release|Any CPU.Build.0 = Release|Any CPU
	EndGlobalSection
	GlobalSection(SolutionProperties) = preSolution
		HideSolutionNode = FALSE
	EndGlobalSection
	GlobalSection(ExtensibilityGlobals) = postSolution
		SolutionGuid = {13D13F04-5BA4-4D96-875E-1581EECD056A}
	EndGlobalSection
EndGlobal
